// !$*UTF8*$!
{
	archiveVersion = 1;
	classes = {
	};
	objectVersion = 48;
	objects = {

/* Begin PBXBuildFile section */
		5639C7CF201F40830099A183 /* AppDelegate.swift in Sources */ = {isa = PBXBuildFile; fileRef = 5639C7CE201F40830099A183 /* AppDelegate.swift */; };
		5639C7D1201F40830099A183 /* ViewController.swift in Sources */ = {isa = PBXBuildFile; fileRef = 5639C7D0201F40830099A183 /* ViewController.swift */; };
		5639C7D4201F40830099A183 /* Main.storyboard in Resources */ = {isa = PBXBuildFile; fileRef = 5639C7D2201F40830099A183 /* Main.storyboard */; };
		5639C7D6201F40830099A183 /* Assets.xcassets in Resources */ = {isa = PBXBuildFile; fileRef = 5639C7D5201F40830099A183 /* Assets.xcassets */; };
		5639C7D9201F40830099A183 /* LaunchScreen.storyboard in Resources */ = {isa = PBXBuildFile; fileRef = 5639C7D7201F40830099A183 /* LaunchScreen.storyboard */; };
		5639C7E4201F40830099A183 /* AnnZone_iOSTests.swift in Sources */ = {isa = PBXBuildFile; fileRef = 5639C7E3201F40830099A183 /* AnnZone_iOSTests.swift */; };
		5639C7EF201F40840099A183 /* AnnZone_iOSUITests.swift in Sources */ = {isa = PBXBuildFile; fileRef = 5639C7EE201F40840099A183 /* AnnZone_iOSUITests.swift */; };
		79CC44E50E6A27CCAAA5B500 /* Pods_AnnZone_iOS.framework in Frameworks */ = {isa = PBXBuildFile; fileRef = 92A3E7B6B05B8E5257EE5A1F /* Pods_AnnZone_iOS.framework */; };
		A4AC0E019B36A07B5A72D8C5 /* Pods_AnnZone_iOSTests.framework in Frameworks */ = {isa = PBXBuildFile; fileRef = 3DF564EE5ED49A25287B08DF /* Pods_AnnZone_iOSTests.framework */; };
		C1F2AD49BACEEBA2C08F0FB1 /* Pods_AnnZone_iOSUITests.framework in Frameworks */ = {isa = PBXBuildFile; fileRef = 9A0167E869E253069A80E6FC /* Pods_AnnZone_iOSUITests.framework */; };
/* End PBXBuildFile section */

/* Begin PBXContainerItemProxy section */
		5639C7E0201F40830099A183 /* PBXContainerItemProxy */ = {
			isa = PBXContainerItemProxy;
			containerPortal = 5639C7C3201F40830099A183 /* Project object */;
			proxyType = 1;
			remoteGlobalIDString = 5639C7CA201F40830099A183;
			remoteInfo = "AnnZone-iOS";
		};
		5639C7EB201F40840099A183 /* PBXContainerItemProxy */ = {
			isa = PBXContainerItemProxy;
			containerPortal = 5639C7C3201F40830099A183 /* Project object */;
			proxyType = 1;
			remoteGlobalIDString = 5639C7CA201F40830099A183;
			remoteInfo = "AnnZone-iOS";
		};
/* End PBXContainerItemProxy section */

/* Begin PBXFileReference section */
		1AEE4D2AC1CEB618AC0F112F /* Pods-AnnZone-iOS.debug.xcconfig */ = {isa = PBXFileReference; includeInIndex = 1; lastKnownFileType = text.xcconfig; name = "Pods-AnnZone-iOS.debug.xcconfig"; path = "Pods/Target Support Files/Pods-AnnZone-iOS/Pods-AnnZone-iOS.debug.xcconfig"; sourceTree = "<group>"; };
		2A3412EDD975D7FE7BFF0CEB /* Pods-AnnZone-iOSUITests.release.xcconfig */ = {isa = PBXFileReference; includeInIndex = 1; lastKnownFileType = text.xcconfig; name = "Pods-AnnZone-iOSUITests.release.xcconfig"; path = "Pods/Target Support Files/Pods-AnnZone-iOSUITests/Pods-AnnZone-iOSUITests.release.xcconfig"; sourceTree = "<group>"; };
		32BC2F65DA1767B1D669762F /* Pods-AnnZone-iOS.release.xcconfig */ = {isa = PBXFileReference; includeInIndex = 1; lastKnownFileType = text.xcconfig; name = "Pods-AnnZone-iOS.release.xcconfig"; path = "Pods/Target Support Files/Pods-AnnZone-iOS/Pods-AnnZone-iOS.release.xcconfig"; sourceTree = "<group>"; };
		3DF564EE5ED49A25287B08DF /* Pods_AnnZone_iOSTests.framework */ = {isa = PBXFileReference; explicitFileType = wrapper.framework; includeInIndex = 0; path = Pods_AnnZone_iOSTests.framework; sourceTree = BUILT_PRODUCTS_DIR; };
		46CD6BC44373FB813857CAAB /* Pods-AnnZone-iOSTests.debug.xcconfig */ = {isa = PBXFileReference; includeInIndex = 1; lastKnownFileType = text.xcconfig; name = "Pods-AnnZone-iOSTests.debug.xcconfig"; path = "Pods/Target Support Files/Pods-AnnZone-iOSTests/Pods-AnnZone-iOSTests.debug.xcconfig"; sourceTree = "<group>"; };
		5639C7CB201F40830099A183 /* AnnZone-iOS.app */ = {isa = PBXFileReference; explicitFileType = wrapper.application; includeInIndex = 0; path = "AnnZone-iOS.app"; sourceTree = BUILT_PRODUCTS_DIR; };
		5639C7CE201F40830099A183 /* AppDelegate.swift */ = {isa = PBXFileReference; lastKnownFileType = sourcecode.swift; path = AppDelegate.swift; sourceTree = "<group>"; };
		5639C7D0201F40830099A183 /* ViewController.swift */ = {isa = PBXFileReference; lastKnownFileType = sourcecode.swift; path = ViewController.swift; sourceTree = "<group>"; };
		5639C7D3201F40830099A183 /* Base */ = {isa = PBXFileReference; lastKnownFileType = file.storyboard; name = Base; path = Base.lproj/Main.storyboard; sourceTree = "<group>"; };
		5639C7D5201F40830099A183 /* Assets.xcassets */ = {isa = PBXFileReference; lastKnownFileType = folder.assetcatalog; path = Assets.xcassets; sourceTree = "<group>"; };
		5639C7D8201F40830099A183 /* Base */ = {isa = PBXFileReference; lastKnownFileType = file.storyboard; name = Base; path = Base.lproj/LaunchScreen.storyboard; sourceTree = "<group>"; };
		5639C7DA201F40830099A183 /* Info.plist */ = {isa = PBXFileReference; lastKnownFileType = text.plist.xml; path = Info.plist; sourceTree = "<group>"; };
		5639C7DF201F40830099A183 /* AnnZone-iOSTests.xctest */ = {isa = PBXFileReference; explicitFileType = wrapper.cfbundle; includeInIndex = 0; path = "AnnZone-iOSTests.xctest"; sourceTree = BUILT_PRODUCTS_DIR; };
		5639C7E3201F40830099A183 /* AnnZone_iOSTests.swift */ = {isa = PBXFileReference; lastKnownFileType = sourcecode.swift; path = AnnZone_iOSTests.swift; sourceTree = "<group>"; };
		5639C7E5201F40830099A183 /* Info.plist */ = {isa = PBXFileReference; lastKnownFileType = text.plist.xml; path = Info.plist; sourceTree = "<group>"; };
		5639C7EA201F40840099A183 /* AnnZone-iOSUITests.xctest */ = {isa = PBXFileReference; explicitFileType = wrapper.cfbundle; includeInIndex = 0; path = "AnnZone-iOSUITests.xctest"; sourceTree = BUILT_PRODUCTS_DIR; };
		5639C7EE201F40840099A183 /* AnnZone_iOSUITests.swift */ = {isa = PBXFileReference; lastKnownFileType = sourcecode.swift; path = AnnZone_iOSUITests.swift; sourceTree = "<group>"; };
		5639C7F0201F40840099A183 /* Info.plist */ = {isa = PBXFileReference; lastKnownFileType = text.plist.xml; path = Info.plist; sourceTree = "<group>"; };
		7AEA6986CA0890664ED1DE4E /* Pods-AnnZone-iOSUITests.debug.xcconfig */ = {isa = PBXFileReference; includeInIndex = 1; lastKnownFileType = text.xcconfig; name = "Pods-AnnZone-iOSUITests.debug.xcconfig"; path = "Pods/Target Support Files/Pods-AnnZone-iOSUITests/Pods-AnnZone-iOSUITests.debug.xcconfig"; sourceTree = "<group>"; };
		92A3E7B6B05B8E5257EE5A1F /* Pods_AnnZone_iOS.framework */ = {isa = PBXFileReference; explicitFileType = wrapper.framework; includeInIndex = 0; path = Pods_AnnZone_iOS.framework; sourceTree = BUILT_PRODUCTS_DIR; };
		9A0167E869E253069A80E6FC /* Pods_AnnZone_iOSUITests.framework */ = {isa = PBXFileReference; explicitFileType = wrapper.framework; includeInIndex = 0; path = Pods_AnnZone_iOSUITests.framework; sourceTree = BUILT_PRODUCTS_DIR; };
		E19F1419A5F9B1557C57A5C7 /* Pods-AnnZone-iOSTests.release.xcconfig */ = {isa = PBXFileReference; includeInIndex = 1; lastKnownFileType = text.xcconfig; name = "Pods-AnnZone-iOSTests.release.xcconfig"; path = "Pods/Target Support Files/Pods-AnnZone-iOSTests/Pods-AnnZone-iOSTests.release.xcconfig"; sourceTree = "<group>"; };
/* End PBXFileReference section */

/* Begin PBXFrameworksBuildPhase section */
		5639C7C8201F40830099A183 /* Frameworks */ = {
			isa = PBXFrameworksBuildPhase;
			buildActionMask = 2147483647;
			files = (
				79CC44E50E6A27CCAAA5B500 /* Pods_AnnZone_iOS.framework in Frameworks */,
			);
			runOnlyForDeploymentPostprocessing = 0;
		};
		5639C7DC201F40830099A183 /* Frameworks */ = {
			isa = PBXFrameworksBuildPhase;
			buildActionMask = 2147483647;
			files = (
				A4AC0E019B36A07B5A72D8C5 /* Pods_AnnZone_iOSTests.framework in Frameworks */,
			);
			runOnlyForDeploymentPostprocessing = 0;
		};
		5639C7E7201F40830099A183 /* Frameworks */ = {
			isa = PBXFrameworksBuildPhase;
			buildActionMask = 2147483647;
			files = (
				C1F2AD49BACEEBA2C08F0FB1 /* Pods_AnnZone_iOSUITests.framework in Frameworks */,
			);
			runOnlyForDeploymentPostprocessing = 0;
		};
/* End PBXFrameworksBuildPhase section */

/* Begin PBXGroup section */
		08DCBF5B5AFA1165CF611838 /* Frameworks */ = {
			isa = PBXGroup;
			children = (
				92A3E7B6B05B8E5257EE5A1F /* Pods_AnnZone_iOS.framework */,
				3DF564EE5ED49A25287B08DF /* Pods_AnnZone_iOSTests.framework */,
				9A0167E869E253069A80E6FC /* Pods_AnnZone_iOSUITests.framework */,
			);
			name = Frameworks;
			sourceTree = "<group>";
		};
		5639C7C2201F40830099A183 = {
			isa = PBXGroup;
			children = (
				5639C7CD201F40830099A183 /* AnnZone-iOS */,
				5639C7E2201F40830099A183 /* AnnZone-iOSTests */,
				5639C7ED201F40840099A183 /* AnnZone-iOSUITests */,
				5639C7CC201F40830099A183 /* Products */,
				5B5215213750F49356B2F6EC /* Pods */,
				08DCBF5B5AFA1165CF611838 /* Frameworks */,
			);
			sourceTree = "<group>";
		};
		5639C7CC201F40830099A183 /* Products */ = {
			isa = PBXGroup;
			children = (
				5639C7CB201F40830099A183 /* AnnZone-iOS.app */,
				5639C7DF201F40830099A183 /* AnnZone-iOSTests.xctest */,
				5639C7EA201F40840099A183 /* AnnZone-iOSUITests.xctest */,
			);
			name = Products;
			sourceTree = "<group>";
		};
		5639C7CD201F40830099A183 /* AnnZone-iOS */ = {
			isa = PBXGroup;
			children = (
				5639C7CE201F40830099A183 /* AppDelegate.swift */,
				5639C7D0201F40830099A183 /* ViewController.swift */,
				5639C7D2201F40830099A183 /* Main.storyboard */,
				5639C7D5201F40830099A183 /* Assets.xcassets */,
				5639C7D7201F40830099A183 /* LaunchScreen.storyboard */,
				5639C7DA201F40830099A183 /* Info.plist */,
			);
			path = "AnnZone-iOS";
			sourceTree = "<group>";
		};
		5639C7E2201F40830099A183 /* AnnZone-iOSTests */ = {
			isa = PBXGroup;
			children = (
				5639C7E3201F40830099A183 /* AnnZone_iOSTests.swift */,
				5639C7E5201F40830099A183 /* Info.plist */,
			);
			path = "AnnZone-iOSTests";
			sourceTree = "<group>";
		};
		5639C7ED201F40840099A183 /* AnnZone-iOSUITests */ = {
			isa = PBXGroup;
			children = (
				5639C7EE201F40840099A183 /* AnnZone_iOSUITests.swift */,
				5639C7F0201F40840099A183 /* Info.plist */,
			);
			path = "AnnZone-iOSUITests";
			sourceTree = "<group>";
		};
		5B5215213750F49356B2F6EC /* Pods */ = {
			isa = PBXGroup;
			children = (
				1AEE4D2AC1CEB618AC0F112F /* Pods-AnnZone-iOS.debug.xcconfig */,
				32BC2F65DA1767B1D669762F /* Pods-AnnZone-iOS.release.xcconfig */,
				46CD6BC44373FB813857CAAB /* Pods-AnnZone-iOSTests.debug.xcconfig */,
				E19F1419A5F9B1557C57A5C7 /* Pods-AnnZone-iOSTests.release.xcconfig */,
				7AEA6986CA0890664ED1DE4E /* Pods-AnnZone-iOSUITests.debug.xcconfig */,
				2A3412EDD975D7FE7BFF0CEB /* Pods-AnnZone-iOSUITests.release.xcconfig */,
			);
			name = Pods;
			sourceTree = "<group>";
		};
/* End PBXGroup section */

/* Begin PBXNativeTarget section */
		5639C7CA201F40830099A183 /* AnnZone-iOS */ = {
			isa = PBXNativeTarget;
			buildConfigurationList = 5639C7F3201F40840099A183 /* Build configuration list for PBXNativeTarget "AnnZone-iOS" */;
			buildPhases = (
				1636B1C472527DA8445CFC57 /* [CP] Check Pods Manifest.lock */,
				5639C7C7201F40830099A183 /* Sources */,
				5639C7C8201F40830099A183 /* Frameworks */,
				5639C7C9201F40830099A183 /* Resources */,
				401408013C79C99B4A3B04B0 /* [CP] Embed Pods Frameworks */,
				FB1D82810509C87B3A4B4CA7 /* [CP] Copy Pods Resources */,
			);
			buildRules = (
			);
			dependencies = (
			);
			name = "AnnZone-iOS";
			productName = "AnnZone-iOS";
			productReference = 5639C7CB201F40830099A183 /* AnnZone-iOS.app */;
			productType = "com.apple.product-type.application";
		};
		5639C7DE201F40830099A183 /* AnnZone-iOSTests */ = {
			isa = PBXNativeTarget;
			buildConfigurationList = 5639C7F6201F40840099A183 /* Build configuration list for PBXNativeTarget "AnnZone-iOSTests" */;
			buildPhases = (
				03E29DF8EF1BEE699D5958A9 /* [CP] Check Pods Manifest.lock */,
				5639C7DB201F40830099A183 /* Sources */,
				5639C7DC201F40830099A183 /* Frameworks */,
				5639C7DD201F40830099A183 /* Resources */,
				E0BAE6F40280639E893017BF /* [CP] Embed Pods Frameworks */,
				81875EDDA9647D7684BC45FC /* [CP] Copy Pods Resources */,
			);
			buildRules = (
			);
			dependencies = (
				5639C7E1201F40830099A183 /* PBXTargetDependency */,
			);
			name = "AnnZone-iOSTests";
			productName = "AnnZone-iOSTests";
			productReference = 5639C7DF201F40830099A183 /* AnnZone-iOSTests.xctest */;
			productType = "com.apple.product-type.bundle.unit-test";
		};
		5639C7E9201F40830099A183 /* AnnZone-iOSUITests */ = {
			isa = PBXNativeTarget;
			buildConfigurationList = 5639C7F9201F40840099A183 /* Build configuration list for PBXNativeTarget "AnnZone-iOSUITests" */;
			buildPhases = (
				C723C388BACDE3CEDDBC7DA3 /* [CP] Check Pods Manifest.lock */,
				5639C7E6201F40830099A183 /* Sources */,
				5639C7E7201F40830099A183 /* Frameworks */,
				5639C7E8201F40830099A183 /* Resources */,
				ADB6CEF235D555FB3CEB7ADD /* [CP] Embed Pods Frameworks */,
				2B8BF027AD63E935B4ED15BD /* [CP] Copy Pods Resources */,
			);
			buildRules = (
			);
			dependencies = (
				5639C7EC201F40840099A183 /* PBXTargetDependency */,
			);
			name = "AnnZone-iOSUITests";
			productName = "AnnZone-iOSUITests";
			productReference = 5639C7EA201F40840099A183 /* AnnZone-iOSUITests.xctest */;
			productType = "com.apple.product-type.bundle.ui-testing";
		};
/* End PBXNativeTarget section */

/* Begin PBXProject section */
		5639C7C3201F40830099A183 /* Project object */ = {
			isa = PBXProject;
			attributes = {
				LastSwiftUpdateCheck = 0920;
				LastUpgradeCheck = 0920;
				ORGANIZATIONNAME = "罗正安";
				TargetAttributes = {
					5639C7CA201F40830099A183 = {
						CreatedOnToolsVersion = 9.2;
						ProvisioningStyle = Automatic;
					};
					5639C7DE201F40830099A183 = {
						CreatedOnToolsVersion = 9.2;
						ProvisioningStyle = Automatic;
						TestTargetID = 5639C7CA201F40830099A183;
					};
					5639C7E9201F40830099A183 = {
						CreatedOnToolsVersion = 9.2;
						ProvisioningStyle = Automatic;
						TestTargetID = 5639C7CA201F40830099A183;
					};
				};
			};
			buildConfigurationList = 5639C7C6201F40830099A183 /* Build configuration list for PBXProject "AnnZone-iOS" */;
			compatibilityVersion = "Xcode 8.0";
			developmentRegion = en;
			hasScannedForEncodings = 0;
			knownRegions = (
				en,
				Base,
			);
			mainGroup = 5639C7C2201F40830099A183;
			productRefGroup = 5639C7CC201F40830099A183 /* Products */;
			projectDirPath = "";
			projectRoot = "";
			targets = (
				5639C7CA201F40830099A183 /* AnnZone-iOS */,
				5639C7DE201F40830099A183 /* AnnZone-iOSTests */,
				5639C7E9201F40830099A183 /* AnnZone-iOSUITests */,
			);
		};
/* End PBXProject section */

/* Begin PBXResourcesBuildPhase section */
		5639C7C9201F40830099A183 /* Resources */ = {
			isa = PBXResourcesBuildPhase;
			buildActionMask = 2147483647;
			files = (
				5639C7D9201F40830099A183 /* LaunchScreen.storyboard in Resources */,
				5639C7D6201F40830099A183 /* Assets.xcassets in Resources */,
				5639C7D4201F40830099A183 /* Main.storyboard in Resources */,
			);
			runOnlyForDeploymentPostprocessing = 0;
		};
		5639C7DD201F40830099A183 /* Resources */ = {
			isa = PBXResourcesBuildPhase;
			buildActionMask = 2147483647;
			files = (
			);
			runOnlyForDeploymentPostprocessing = 0;
		};
		5639C7E8201F40830099A183 /* Resources */ = {
			isa = PBXResourcesBuildPhase;
			buildActionMask = 2147483647;
			files = (
			);
			runOnlyForDeploymentPostprocessing = 0;
		};
/* End PBXResourcesBuildPhase section */

/* Begin PBXShellScriptBuildPhase section */
		03E29DF8EF1BEE699D5958A9 /* [CP] Check Pods Manifest.lock */ = {
			isa = PBXShellScriptBuildPhase;
			buildActionMask = 2147483647;
			files = (
			);
			inputPaths = (
			);
			name = "[CP] Check Pods Manifest.lock";
			outputPaths = (
			);
			runOnlyForDeploymentPostprocessing = 0;
			shellPath = /bin/sh;
			shellScript = "diff \"${PODS_ROOT}/../Podfile.lock\" \"${PODS_ROOT}/Manifest.lock\" > /dev/null\nif [ $? != 0 ] ; then\n    # print error to STDERR\n    echo \"error: The sandbox is not in sync with the Podfile.lock. Run 'pod install' or update your CocoaPods installation.\" >&2\n    exit 1\nfi\n";
			showEnvVarsInLog = 0;
		};
		1636B1C472527DA8445CFC57 /* [CP] Check Pods Manifest.lock */ = {
			isa = PBXShellScriptBuildPhase;
			buildActionMask = 2147483647;
			files = (
			);
			inputPaths = (
			);
			name = "[CP] Check Pods Manifest.lock";
			outputPaths = (
			);
			runOnlyForDeploymentPostprocessing = 0;
			shellPath = /bin/sh;
			shellScript = "diff \"${PODS_ROOT}/../Podfile.lock\" \"${PODS_ROOT}/Manifest.lock\" > /dev/null\nif [ $? != 0 ] ; then\n    # print error to STDERR\n    echo \"error: The sandbox is not in sync with the Podfile.lock. Run 'pod install' or update your CocoaPods installation.\" >&2\n    exit 1\nfi\n";
			showEnvVarsInLog = 0;
		};
		2B8BF027AD63E935B4ED15BD /* [CP] Copy Pods Resources */ = {
			isa = PBXShellScriptBuildPhase;
			buildActionMask = 2147483647;
			files = (
			);
			inputPaths = (
			);
			name = "[CP] Copy Pods Resources";
			outputPaths = (
			);
			runOnlyForDeploymentPostprocessing = 0;
			shellPath = /bin/sh;
			shellScript = "\"${SRCROOT}/Pods/Target Support Files/Pods-AnnZone-iOSUITests/Pods-AnnZone-iOSUITests-resources.sh\"\n";
			showEnvVarsInLog = 0;
		};
		401408013C79C99B4A3B04B0 /* [CP] Embed Pods Frameworks */ = {
			isa = PBXShellScriptBuildPhase;
			buildActionMask = 2147483647;
			files = (
			);
			inputPaths = (
			);
			name = "[CP] Embed Pods Frameworks";
			outputPaths = (
			);
			runOnlyForDeploymentPostprocessing = 0;
			shellPath = /bin/sh;
			shellScript = "\"${SRCROOT}/Pods/Target Support Files/Pods-AnnZone-iOS/Pods-AnnZone-iOS-frameworks.sh\"\n";
			showEnvVarsInLog = 0;
		};
		81875EDDA9647D7684BC45FC /* [CP] Copy Pods Resources */ = {
			isa = PBXShellScriptBuildPhase;
			buildActionMask = 2147483647;
			files = (
			);
			inputPaths = (
			);
			name = "[CP] Copy Pods Resources";
			outputPaths = (
			);
			runOnlyForDeploymentPostprocessing = 0;
			shellPath = /bin/sh;
			shellScript = "\"${SRCROOT}/Pods/Target Support Files/Pods-AnnZone-iOSTests/Pods-AnnZone-iOSTests-resources.sh\"\n";
			showEnvVarsInLog = 0;
		};
		ADB6CEF235D555FB3CEB7ADD /* [CP] Embed Pods Frameworks */ = {
			isa = PBXShellScriptBuildPhase;
			buildActionMask = 2147483647;
			files = (
			);
			inputPaths = (
			);
			name = "[CP] Embed Pods Frameworks";
			outputPaths = (
			);
			runOnlyForDeploymentPostprocessing = 0;
			shellPath = /bin/sh;
			shellScript = "\"${SRCROOT}/Pods/Target Support Files/Pods-AnnZone-iOSUITests/Pods-AnnZone-iOSUITests-frameworks.sh\"\n";
			showEnvVarsInLog = 0;
		};
		C723C388BACDE3CEDDBC7DA3 /* [CP] Check Pods Manifest.lock */ = {
			isa = PBXShellScriptBuildPhase;
			buildActionMask = 2147483647;
			files = (
			);
			inputPaths = (
			);
			name = "[CP] Check Pods Manifest.lock";
			outputPaths = (
			);
			runOnlyForDeploymentPostprocessing = 0;
			shellPath = /bin/sh;
			shellScript = "diff \"${PODS_ROOT}/../Podfile.lock\" \"${PODS_ROOT}/Manifest.lock\" > /dev/null\nif [ $? != 0 ] ; then\n    # print error to STDERR\n    echo \"error: The sandbox is not in sync with the Podfile.lock. Run 'pod install' or update your CocoaPods installation.\" >&2\n    exit 1\nfi\n";
			showEnvVarsInLog = 0;
		};
		E0BAE6F40280639E893017BF /* [CP] Embed Pods Frameworks */ = {
			isa = PBXShellScriptBuildPhase;
			buildActionMask = 2147483647;
			files = (
			);
			inputPaths = (
			);
			name = "[CP] Embed Pods Frameworks";
			outputPaths = (
			);
			runOnlyForDeploymentPostprocessing = 0;
			shellPath = /bin/sh;
			shellScript = "\"${SRCROOT}/Pods/Target Support Files/Pods-AnnZone-iOSTests/Pods-AnnZone-iOSTests-frameworks.sh\"\n";
			showEnvVarsInLog = 0;
		};
		FB1D82810509C87B3A4B4CA7 /* [CP] Copy Pods Resources */ = {
			isa = PBXShellScriptBuildPhase;
			buildActionMask = 2147483647;
			files = (
			);
			inputPaths = (
			);
			name = "[CP] Copy Pods Resources";
			outputPaths = (
			);
			runOnlyForDeploymentPostprocessing = 0;
			shellPath = /bin/sh;
			shellScript = "\"${SRCROOT}/Pods/Target Support Files/Pods-AnnZone-iOS/Pods-AnnZone-iOS-resources.sh\"\n";
			showEnvVarsInLog = 0;
		};
/* End PBXShellScriptBuildPhase section */

/* Begin PBXSourcesBuildPhase section */
		5639C7C7201F40830099A183 /* Sources */ = {
			isa = PBXSourcesBuildPhase;
			buildActionMask = 2147483647;
			files = (
				5639C7D1201F40830099A183 /* ViewController.swift in Sources */,
				5639C7CF201F40830099A183 /* AppDelegate.swift in Sources */,
			);
			runOnlyForDeploymentPostprocessing = 0;
		};
		5639C7DB201F40830099A183 /* Sources */ = {
			isa = PBXSourcesBuildPhase;
			buildActionMask = 2147483647;
			files = (
				5639C7E4201F40830099A183 /* AnnZone_iOSTests.swift in Sources */,
			);
			runOnlyForDeploymentPostprocessing = 0;
		};
		5639C7E6201F40830099A183 /* Sources */ = {
			isa = PBXSourcesBuildPhase;
			buildActionMask = 2147483647;
			files = (
				5639C7EF201F40840099A183 /* AnnZone_iOSUITests.swift in Sources */,
			);
			runOnlyForDeploymentPostprocessing = 0;
		};
/* End PBXSourcesBuildPhase section */

/* Begin PBXTargetDependency section */
		5639C7E1201F40830099A183 /* PBXTargetDependency */ = {
			isa = PBXTargetDependency;
			target = 5639C7CA201F40830099A183 /* AnnZone-iOS */;
			targetProxy = 5639C7E0201F40830099A183 /* PBXContainerItemProxy */;
		};
		5639C7EC201F40840099A183 /* PBXTargetDependency */ = {
			isa = PBXTargetDependency;
			target = 5639C7CA201F40830099A183 /* AnnZone-iOS */;
			targetProxy = 5639C7EB201F40840099A183 /* PBXContainerItemProxy */;
		};
/* End PBXTargetDependency section */

/* Begin PBXVariantGroup section */
		5639C7D2201F40830099A183 /* Main.storyboard */ = {
			isa = PBXVariantGroup;
			children = (
				5639C7D3201F40830099A183 /* Base */,
			);
			name = Main.storyboard;
			sourceTree = "<group>";
		};
		5639C7D7201F40830099A183 /* LaunchScreen.storyboard */ = {
			isa = PBXVariantGroup;
			children = (
				5639C7D8201F40830099A183 /* Base */,
			);
			name = LaunchScreen.storyboard;
			sourceTree = "<group>";
		};
/* End PBXVariantGroup section */

/* Begin XCBuildConfiguration section */
		5639C7F1201F40840099A183 /* Debug */ = {
			isa = XCBuildConfiguration;
			buildSettings = {
				ALWAYS_SEARCH_USER_PATHS = NO;
				CLANG_ANALYZER_NONNULL = YES;
				CLANG_ANALYZER_NUMBER_OBJECT_CONVERSION = YES_AGGRESSIVE;
				CLANG_CXX_LANGUAGE_STANDARD = "gnu++14";
				CLANG_CXX_LIBRARY = "libc++";
				CLANG_ENABLE_MODULES = YES;
				CLANG_ENABLE_OBJC_ARC = YES;
				CLANG_WARN_BLOCK_CAPTURE_AUTORELEASING = YES;
				CLANG_WARN_BOOL_CONVERSION = YES;
				CLANG_WARN_COMMA = YES;
				CLANG_WARN_CONSTANT_CONVERSION = YES;
				CLANG_WARN_DIRECT_OBJC_ISA_USAGE = YES_ERROR;
				CLANG_WARN_DOCUMENTATION_COMMENTS = YES;
				CLANG_WARN_EMPTY_BODY = YES;
				CLANG_WARN_ENUM_CONVERSION = YES;
				CLANG_WARN_INFINITE_RECURSION = YES;
				CLANG_WARN_INT_CONVERSION = YES;
				CLANG_WARN_NON_LITERAL_NULL_CONVERSION = YES;
				CLANG_WARN_OBJC_LITERAL_CONVERSION = YES;
				CLANG_WARN_OBJC_ROOT_CLASS = YES_ERROR;
				CLANG_WARN_RANGE_LOOP_ANALYSIS = YES;
				CLANG_WARN_STRICT_PROTOTYPES = YES;
				CLANG_WARN_SUSPICIOUS_MOVE = YES;
				CLANG_WARN_UNGUARDED_AVAILABILITY = YES_AGGRESSIVE;
				CLANG_WARN_UNREACHABLE_CODE = YES;
				CLANG_WARN__DUPLICATE_METHOD_MATCH = YES;
				CODE_SIGN_IDENTITY = "iPhone Developer";
				COPY_PHASE_STRIP = NO;
				DEBUG_INFORMATION_FORMAT = dwarf;
				ENABLE_STRICT_OBJC_MSGSEND = YES;
				ENABLE_TESTABILITY = YES;
				GCC_C_LANGUAGE_STANDARD = gnu11;
				GCC_DYNAMIC_NO_PIC = NO;
				GCC_NO_COMMON_BLOCKS = YES;
				GCC_OPTIMIZATION_LEVEL = 0;
				GCC_PREPROCESSOR_DEFINITIONS = (
					"DEBUG=1",
					"$(inherited)",
				);
				GCC_WARN_64_TO_32_BIT_CONVERSION = YES;
				GCC_WARN_ABOUT_RETURN_TYPE = YES_ERROR;
				GCC_WARN_UNDECLARED_SELECTOR = YES;
				GCC_WARN_UNINITIALIZED_AUTOS = YES_AGGRESSIVE;
				GCC_WARN_UNUSED_FUNCTION = YES;
				GCC_WARN_UNUSED_VARIABLE = YES;
				IPHONEOS_DEPLOYMENT_TARGET = 11.2;
				MTL_ENABLE_DEBUG_INFO = YES;
				ONLY_ACTIVE_ARCH = YES;
				SDKROOT = iphoneos;
				SWIFT_ACTIVE_COMPILATION_CONDITIONS = DEBUG;
				SWIFT_OPTIMIZATION_LEVEL = "-Onone";
			};
			name = Debug;
		};
		5639C7F2201F40840099A183 /* Release */ = {
			isa = XCBuildConfiguration;
			buildSettings = {
				ALWAYS_SEARCH_USER_PATHS = NO;
				CLANG_ANALYZER_NONNULL = YES;
				CLANG_ANALYZER_NUMBER_OBJECT_CONVERSION = YES_AGGRESSIVE;
				CLANG_CXX_LANGUAGE_STANDARD = "gnu++14";
				CLANG_CXX_LIBRARY = "libc++";
				CLANG_ENABLE_MODULES = YES;
				CLANG_ENABLE_OBJC_ARC = YES;
				CLANG_WARN_BLOCK_CAPTURE_AUTORELEASING = YES;
				CLANG_WARN_BOOL_CONVERSION = YES;
				CLANG_WARN_COMMA = YES;
				CLANG_WARN_CONSTANT_CONVERSION = YES;
				CLANG_WARN_DIRECT_OBJC_ISA_USAGE = YES_ERROR;
				CLANG_WARN_DOCUMENTATION_COMMENTS = YES;
				CLANG_WARN_EMPTY_BODY = YES;
				CLANG_WARN_ENUM_CONVERSION = YES;
				CLANG_WARN_INFINITE_RECURSION = YES;
				CLANG_WARN_INT_CONVERSION = YES;
				CLANG_WARN_NON_LITERAL_NULL_CONVERSION = YES;
				CLANG_WARN_OBJC_LITERAL_CONVERSION = YES;
				CLANG_WARN_OBJC_ROOT_CLASS = YES_ERROR;
				CLANG_WARN_RANGE_LOOP_ANALYSIS = YES;
				CLANG_WARN_STRICT_PROTOTYPES = YES;
				CLANG_WARN_SUSPICIOUS_MOVE = YES;
				CLANG_WARN_UNGUARDED_AVAILABILITY = YES_AGGRESSIVE;
				CLANG_WARN_UNREACHABLE_CODE = YES;
				CLANG_WARN__DUPLICATE_METHOD_MATCH = YES;
				CODE_SIGN_IDENTITY = "iPhone Developer";
				COPY_PHASE_STRIP = NO;
				DEBUG_INFORMATION_FORMAT = "dwarf-with-dsym";
				ENABLE_NS_ASSERTIONS = NO;
				ENABLE_STRICT_OBJC_MSGSEND = YES;
				GCC_C_LANGUAGE_STANDARD = gnu11;
				GCC_NO_COMMON_BLOCKS = YES;
				GCC_WARN_64_TO_32_BIT_CONVERSION = YES;
				GCC_WARN_ABOUT_RETURN_TYPE = YES_ERROR;
				GCC_WARN_UNDECLARED_SELECTOR = YES;
				GCC_WARN_UNINITIALIZED_AUTOS = YES_AGGRESSIVE;
				GCC_WARN_UNUSED_FUNCTION = YES;
				GCC_WARN_UNUSED_VARIABLE = YES;
				IPHONEOS_DEPLOYMENT_TARGET = 11.2;
				MTL_ENABLE_DEBUG_INFO = NO;
				SDKROOT = iphoneos;
				SWIFT_OPTIMIZATION_LEVEL = "-Owholemodule";
				VALIDATE_PRODUCT = YES;
			};
			name = Release;
		};
		5639C7F4201F40840099A183 /* Debug */ = {
			isa = XCBuildConfiguration;
			baseConfigurationReference = 1AEE4D2AC1CEB618AC0F112F /* Pods-AnnZone-iOS.debug.xcconfig */;
			buildSettings = {
				ASSETCATALOG_COMPILER_APPICON_NAME = AppIcon;
				CODE_SIGN_STYLE = Automatic;
				DEVELOPMENT_TEAM = 44Z89A4AN2;
				INFOPLIST_FILE = "AnnZone-iOS/Info.plist";
				LD_RUNPATH_SEARCH_PATHS = "$(inherited) @executable_path/Frameworks";
				PRODUCT_BUNDLE_IDENTIFIER = "anline.cn.AnnZone-iOS";
				PRODUCT_NAME = "$(TARGET_NAME)";
				SWIFT_VERSION = 4.0;
				TARGETED_DEVICE_FAMILY = "1,2";
			};
			name = Debug;
		};
		5639C7F5201F40840099A183 /* Release */ = {
			isa = XCBuildConfiguration;
			baseConfigurationReference = 32BC2F65DA1767B1D669762F /* Pods-AnnZone-iOS.release.xcconfig */;
			buildSettings = {
				ASSETCATALOG_COMPILER_APPICON_NAME = AppIcon;
				CODE_SIGN_STYLE = Automatic;
				DEVELOPMENT_TEAM = 44Z89A4AN2;
				INFOPLIST_FILE = "AnnZone-iOS/Info.plist";
				LD_RUNPATH_SEARCH_PATHS = "$(inherited) @executable_path/Frameworks";
				PRODUCT_BUNDLE_IDENTIFIER = "anline.cn.AnnZone-iOS";
				PRODUCT_NAME = "$(TARGET_NAME)";
				SWIFT_VERSION = 4.0;
				TARGETED_DEVICE_FAMILY = "1,2";
			};
			name = Release;
		};
		5639C7F7201F40840099A183 /* Debug */ = {
			isa = XCBuildConfiguration;
			baseConfigurationReference = 46CD6BC44373FB813857CAAB /* Pods-AnnZone-iOSTests.debug.xcconfig */;
			buildSettings = {
				ALWAYS_EMBED_SWIFT_STANDARD_LIBRARIES = YES;
				BUNDLE_LOADER = "$(TEST_HOST)";
				CODE_SIGN_STYLE = Automatic;
				DEVELOPMENT_TEAM = 44Z89A4AN2;
				INFOPLIST_FILE = "AnnZone-iOSTests/Info.plist";
				LD_RUNPATH_SEARCH_PATHS = "$(inherited) @executable_path/Frameworks @loader_path/Frameworks";
				PRODUCT_BUNDLE_IDENTIFIER = "anline.cn.AnnZone-iOSTests";
				PRODUCT_NAME = "$(TARGET_NAME)";
				SWIFT_VERSION = 4.0;
				TARGETED_DEVICE_FAMILY = "1,2";
				TEST_HOST = "$(BUILT_PRODUCTS_DIR)/AnnZone-iOS.app/AnnZone-iOS";
			};
			name = Debug;
		};
		5639C7F8201F40840099A183 /* Release */ = {
			isa = XCBuildConfiguration;
			baseConfigurationReference = E19F1419A5F9B1557C57A5C7 /* Pods-AnnZone-iOSTests.release.xcconfig */;
			buildSettings = {
				ALWAYS_EMBED_SWIFT_STANDARD_LIBRARIES = YES;
				BUNDLE_LOADER = "$(TEST_HOST)";
				CODE_SIGN_STYLE = Automatic;
				DEVELOPMENT_TEAM = 44Z89A4AN2;
				INFOPLIST_FILE = "AnnZone-iOSTests/Info.plist";
				LD_RUNPATH_SEARCH_PATHS = "$(inherited) @executable_path/Frameworks @loader_path/Frameworks";
				PRODUCT_BUNDLE_IDENTIFIER = "anline.cn.AnnZone-iOSTests";
				PRODUCT_NAME = "$(TARGET_NAME)";
				SWIFT_VERSION = 4.0;
				TARGETED_DEVICE_FAMILY = "1,2";
				TEST_HOST = "$(BUILT_PRODUCTS_DIR)/AnnZone-iOS.app/AnnZone-iOS";
			};
			name = Release;
		};
		5639C7FA201F40840099A183 /* Debug */ = {
			isa = XCBuildConfiguration;
			baseConfigurationReference = 7AEA6986CA0890664ED1DE4E /* Pods-AnnZone-iOSUITests.debug.xcconfig */;
			buildSettings = {
				ALWAYS_EMBED_SWIFT_STANDARD_LIBRARIES = YES;
				CODE_SIGN_STYLE = Automatic;
				DEVELOPMENT_TEAM = 44Z89A4AN2;
				INFOPLIST_FILE = "AnnZone-iOSUITests/Info.plist";
				LD_RUNPATH_SEARCH_PATHS = "$(inherited) @executable_path/Frameworks @loader_path/Frameworks";
				PRODUCT_BUNDLE_IDENTIFIER = "anline.cn.AnnZone-iOSUITests";
				PRODUCT_NAME = "$(TARGET_NAME)";
				SWIFT_VERSION = 4.0;
				TARGETED_DEVICE_FAMILY = "1,2";
				TEST_TARGET_NAME = "AnnZone-iOS";
			};
			name = Debug;
		};
		5639C7FB201F40840099A183 /* Release */ = {
			isa = XCBuildConfiguration;
			baseConfigurationReference = 2A3412EDD975D7FE7BFF0CEB /* Pods-AnnZone-iOSUITests.release.xcconfig */;
			buildSettings = {
				ALWAYS_EMBED_SWIFT_STANDARD_LIBRARIES = YES;
				CODE_SIGN_STYLE = Automatic;
				DEVELOPMENT_TEAM = 44Z89A4AN2;
				INFOPLIST_FILE = "AnnZone-iOSUITests/Info.plist";
				LD_RUNPATH_SEARCH_PATHS = "$(inherited) @executable_path/Frameworks @loader_path/Frameworks";
				PRODUCT_BUNDLE_IDENTIFIER = "anline.cn.AnnZone-iOSUITests";
				PRODUCT_NAME = "$(TARGET_NAME)";
				SWIFT_VERSION = 4.0;
				TARGETED_DEVICE_FAMILY = "1,2";
				TEST_TARGET_NAME = "AnnZone-iOS";
			};
			name = Release;
		};
/* End XCBuildConfiguration section */

/* Begin XCConfigurationList section */
		5639C7C6201F40830099A183 /* Build configuration list for PBXProject "AnnZone-iOS" */ = {
			isa = XCConfigurationList;
			buildConfigurations = (
				5639C7F1201F40840099A183 /* Debug */,
				5639C7F2201F40840099A183 /* Release */,
			);
			defaultConfigurationIsVisible = 0;
			defaultConfigurationName = Release;
		};
		5639C7F3201F40840099A183 /* Build configuration list for PBXNativeTarget "AnnZone-iOS" */ = {
			isa = XCConfigurationList;
			buildConfigurations = (
				5639C7F4201F40840099A183 /* Debug */,
				5639C7F5201F40840099A183 /* Release */,
			);
			defaultConfigurationIsVisible = 0;
			defaultConfigurationName = Release;
		};
		5639C7F6201F40840099A183 /* Build configuration list for PBXNativeTarget "AnnZone-iOSTests" */ = {
			isa = XCConfigurationList;
			buildConfigurations = (
				5639C7F7201F40840099A183 /* Debug */,
				5639C7F8201F40840099A183 /* Release */,
			);
			defaultConfigurationIsVisible = 0;
			defaultConfigurationName = Release;
		};
		5639C7F9201F40840099A183 /* Build configuration list for PBXNativeTarget "AnnZone-iOSUITests" */ = {
			isa = XCConfigurationList;
			buildConfigurations = (
				5639C7FA201F40840099A183 /* Debug */,
				5639C7FB201F40840099A183 /* Release */,
			);
			defaultConfigurationIsVisible = 0;
			defaultConfigurationName = Release;
		};
/* End XCConfigurationList section */
	};
	rootObject = 5639C7C3201F40830099A183 /* Project object */;
}
